
Microsoft Visual Studio Solution File, Format Version 12.00
# Visual Studio Version 17
VisualStudioVersion = 17.0.32112.339
MinimumVisualStudioVersion = 10.0.40219.1
Project("{FAE04EC0-301F-11D3-BF4B-00C04F79EFBC}") = "Exercism-Acronym", "Exercism-Acronym\Exercism-Acronym.csproj", "{A03DC367-2995-4972-8118-7AA3370A5B59}"
EndProject
Global
	GlobalSection(SolutionConfigurationPlatforms) = preSolution
		Debug|Any CPU = Debug|Any CPU
		Release|Any CPU = Release|Any CPU
	EndGlobalSection
	GlobalSection(ProjectConfigurationPlatforms) = postSolution
		{A03DC367-2995-4972-8118-7AA3370A5B59}.Debug|Any CPU.ActiveCfg = Debug|Any CPU
		{A03DC367-2995-4972-8118-7AA3370A5B59}.Debug|Any CPU.Build.0 = Debug|Any CPU
		{A03DC367-2995-4972-8118-7AA3370A5B59}.Release|Any CPU.ActiveCfg = Release|Any CPU
		{A03DC367-2995-4972-8118-7AA3370A5B59}.Release|Any CPU.Build.0 = Release|Any CPU
	EndGlobalSection
	GlobalSection(SolutionProperties) = preSolution
		HideSolutionNode = FALSE
	EndGlobalSection
	GlobalSection(ExtensibilityGlobals) = postSolution
		SolutionGuid = {65664DAB-15B9-48B0-BE20-677219E15EFD}
	EndGlobalSection
EndGlobal
